
Microsoft Visual Studio Solution File, Format Version 12.00
# Visual Studio 2015
Project("{FAE04EC0-301F-11D3-BF4B-00C04F79EFBC}") = "BronxGameTest.CSharp.Plugins", "BronxGameTest.CSharp.Plugins.csproj", "{0FF4B9A5-D643-8A6D-1F22-7B21F8511300}"
EndProject
Global
	GlobalSection(SolutionConfigurationPlatforms) = preSolution
		Debug|Any CPU = Debug|Any CPU
		Release|Any CPU = Release|Any CPU
	EndGlobalSection
	GlobalSection(ProjectConfigurationPlatforms) = postSolution
		{0FF4B9A5-D643-8A6D-1F22-7B21F8511300}.Debug|Any CPU.ActiveCfg = Debug|Any CPU
		{0FF4B9A5-D643-8A6D-1F22-7B21F8511300}.Debug|Any CPU.Build.0 = Debug|Any CPU
		{0FF4B9A5-D643-8A6D-1F22-7B21F8511300}.Release|Any CPU.ActiveCfg = Release|Any CPU
		{0FF4B9A5-D643-8A6D-1F22-7B21F8511300}.Release|Any CPU.Build.0 = Release|Any CPU
	EndGlobalSection
	GlobalSection(SolutionProperties) = preSolution
		HideSolutionNode = FALSE
	EndGlobalSection
EndGlobal
